<?xml version="1.0" encoding="utf-8"?>
<Project ToolsVersion="4.0" xmlns="http://schemas.microsoft.com/developer/msbuild/2003">
  <ItemGroup>
    <Filter Include="源文件">
      <UniqueIdentifier>{4FC737F1-C7A5-4376-A066-2A32D752A2FF}</UniqueIdentifier>
      <Extensions>cpp;c;cc;cxx;def;odl;idl;hpj;bat;asm;asmx</Extensions>
    </Filter>
    <Filter Include="头文件">
      <UniqueIdentifier>{93995380-89BD-4b04-88EB-625FBE52EBFB}</UniqueIdentifier>
      <Extensions>h;hpp;hxx;hm;inl;inc;xsd</Extensions>
    </Filter>
    <Filter Include="资源文件">
      <UniqueIdentifier>{67DA6AB6-F800-4c08-8B7A-83BB121AAD01}</UniqueIdentifier>
      <Extensions>rc;ico;cur;bmp;dlg;rc2;rct;bin;rgs;gif;jpg;jpeg;jpe;resx;tiff;tif;png;wav;mfcribbon-ms</Extensions>
    </Filter>
  </ItemGroup>
  <ItemGroup>
    <None Include="ReadMe.txt" />
    <None Include="MiscTools.def">
      <Filter>源文件</Filter>
    </None>
    <None Include="res\MiscTools.rc2">
      <Filter>资源文件</Filter>
    </None>
  </ItemGroup>
  <ItemGroup>
    <ClCompile Include="MiscTools.cpp">
      <Filter>源文件</Filter>
    </ClCompile>
    <ClCompile Include="stdafx.cpp">
      <Filter>源文件</Filter>
    </ClCompile>
    <ClCompile Include="DisplayDeviceManager.cpp">
      <Filter>源文件</Filter>
    </ClCompile>
    <ClCompile Include="StringFunc.cpp">
      <Filter>源文件</Filter>
    </ClCompile>
    <ClCompile Include="TimeFunc.cpp">
      <Filter>源文件</Filter>
    </ClCompile>
    <ClCompile Include="SystemResource.cpp">
      <Filter>源文件</Filter>
    </ClCompile>
    <ClCompile Include="ColorConversion.cpp">
      <Filter>源文件</Filter>
    </ClCompile>
    <ClCompile Include="BasicDIPFunc.cpp">
      <Filter>源文件</Filter>
    </ClCompile>
    <ClCompile Include="MiscFunc.cpp">
      <Filter>源文件</Filter>
    </ClCompile>
    <ClCompile Include="DateTimeFunc.cpp">
      <Filter>源文件</Filter>
    </ClCompile>
    <ClCompile Include="FileFuncs.cpp">
      <Filter>源文件</Filter>
    </ClCompile>
    <ClCompile Include="AdminUserDlg.cpp">
      <Filter>源文件</Filter>
    </ClCompile>
    <ClCompile Include="ChangePasswordDlg.cpp">
      <Filter>源文件</Filter>
    </ClCompile>
    <ClCompile Include="ChangePassword.cpp">
      <Filter>源文件</Filter>
    </ClCompile>
    <ClCompile Include="SetUserInfoDlg.cpp">
      <Filter>源文件</Filter>
    </ClCompile>
    <ClCompile Include="SetUserInfo.cpp">
      <Filter>源文件</Filter>
    </ClCompile>
    <ClCompile Include="AccountMaintenance.cpp">
      <Filter>源文件</Filter>
    </ClCompile>
  </ItemGroup>
  <ItemGroup>
    <ClInclude Include="MiscTools.h">
      <Filter>头文件</Filter>
    </ClInclude>
    <ClInclude Include="stdafx.h">
      <Filter>头文件</Filter>
    </ClInclude>
    <ClInclude Include="targetver.h">
      <Filter>头文件</Filter>
    </ClInclude>
    <ClInclude Include="Resource.h">
      <Filter>头文件</Filter>
    </ClInclude>
    <ClInclude Include="DisplayDeviceManager.h">
      <Filter>头文件</Filter>
    </ClInclude>
    <ClInclude Include="StringFunc.h">
      <Filter>头文件</Filter>
    </ClInclude>
    <ClInclude Include="TimeFunc.h">
      <Filter>头文件</Filter>
    </ClInclude>
    <ClInclude Include="SystemResource.h">
      <Filter>头文件</Filter>
    </ClInclude>
    <ClInclude Include="ColorConversion.h">
      <Filter>头文件</Filter>
    </ClInclude>
    <ClInclude Include="BasicDIPFunc.h">
      <Filter>头文件</Filter>
    </ClInclude>
    <ClInclude Include="MiscFunc.h">
      <Filter>头文件</Filter>
    </ClInclude>
    <ClInclude Include="DateTimeFunc.h">
      <Filter>头文件</Filter>
    </ClInclude>
    <ClInclude Include="FileFuncs.h">
      <Filter>头文件</Filter>
    </ClInclude>
    <ClInclude Include="AdminUserDlg.h">
      <Filter>头文件</Filter>
    </ClInclude>
    <ClInclude Include="ChangePasswordDlg.h">
      <Filter>头文件</Filter>
    </ClInclude>
    <ClInclude Include="ChangePassword.h">
      <Filter>头文件</Filter>
    </ClInclude>
    <ClInclude Include="SetUserInfoDlg.h">
      <Filter>头文件</Filter>
    </ClInclude>
    <ClInclude Include="UserInfoDef.h">
      <Filter>头文件</Filter>
    </ClInclude>
    <ClInclude Include="SetUserInfo.h">
      <Filter>头文件</Filter>
    </ClInclude>
    <ClInclude Include="AccountMaintenance.h">
      <Filter>头文件</Filter>
    </ClInclude>
  </ItemGroup>
  <ItemGroup>
    <ResourceCompile Include="MiscTools.rc">
      <Filter>资源文件</Filter>
    </ResourceCompile>
  </ItemGroup>
</Project>